
Microsoft Visual Studio Solution File, Format Version 12.00
# Visual Studio Version 17
VisualStudioVersion = 17.14.37411.7 d17.14
MinimumVisualStudioVersion = 10.0.40219.1
Project("{FAE04EC0-301F-11D3-BF4B-00C04F79EFBC}") = "MiniSupermarket.API", "MiniSupermarket.API\MiniSupermarket.API.csproj", "{CCE1BA12-DA80-44A5-AF0A-F45DD469203E}"
EndProject
Project("{FAE04EC0-301F-11D3-BF4B-00C04F79EFBC}") = "MiniSupermarket.WinForms", "MiniSupermarket.WinForms\MiniSupermarket.WinForms.csproj", "{9D90F7A8-81DA-422D-88B3-5561FD04A6A2}"
EndProject
Global
	GlobalSection(SolutionConfigurationPlatforms) = preSolution
		Debug|Any CPU = Debug|Any CPU
		Release|Any CPU = Release|Any CPU
	EndGlobalSection
	GlobalSection(ProjectConfigurationPlatforms) = postSolution
		{CCE1BA12-DA80-44A5-AF0A-F45DD469203E}.Debug|Any CPU.ActiveCfg = Debug|Any CPU
		{CCE1BA12-DA80-44A5-AF0A-F45DD469203E}.Debug|Any CPU.Build.0 = Debug|Any CPU
		{CCE1BA12-DA80-44A5-AF0A-F45DD469203E}.Release|Any CPU.ActiveCfg = Release|Any CPU
		{CCE1BA12-DA80-44A5-AF0A-F45DD469203E}.Release|Any CPU.Build.0 = Release|Any CPU
		{9D90F7A8-81DA-422D-88B3-5561FD04A6A2}.Debug|Any CPU.ActiveCfg = Debug|Any CPU
		{9D90F7A8-81DA-422D-88B3-5561FD04A6A2}.Debug|Any CPU.Build.0 = Debug|Any CPU
		{9D90F7A8-81DA-422D-88B3-5561FD04A6A2}.Release|Any CPU.ActiveCfg = Release|Any CPU
		{9D90F7A8-81DA-422D-88B3-5561FD04A6A2}.Release|Any CPU.Build.0 = Release|Any CPU
	EndGlobalSection
	GlobalSection(SolutionProperties) = preSolution
		HideSolutionNode = FALSE
	EndGlobalSection
	GlobalSection(ExtensibilityGlobals) = postSolution
		SolutionGuid = {FD7DE2E4-9CE4-43D7-90C6-7C62A7990E59}
	EndGlobalSection
EndGlobal
